
Microsoft Visual Studio Solution File, Format Version 12.00
# Visual Studio 15
VisualStudioVersion = 15.0.27428.2002
MinimumVisualStudioVersion = 10.0.40219.1
Project("{FAE04EC0-301F-11D3-BF4B-00C04F79EFBC}") = "BibleVerseCollector", "BibleVerseCollector\BibleVerseCollector.csproj", "{B33B9121-E680-4E01-B812-7D655DBB3138}"
EndProject
Global
	GlobalSection(SolutionConfigurationPlatforms) = preSolution
		Debug|Any CPU = Debug|Any CPU
		Release|Any CPU = Release|Any CPU
	EndGlobalSection
	GlobalSection(ProjectConfigurationPlatforms) = postSolution
		{B33B9121-E680-4E01-B812-7D655DBB3138}.Debug|Any CPU.ActiveCfg = Debug|Any CPU
		{B33B9121-E680-4E01-B812-7D655DBB3138}.Debug|Any CPU.Build.0 = Debug|Any CPU
		{B33B9121-E680-4E01-B812-7D655DBB3138}.Release|Any CPU.ActiveCfg = Release|Any CPU
		{B33B9121-E680-4E01-B812-7D655DBB3138}.Release|Any CPU.Build.0 = Release|Any CPU
	EndGlobalSection
	GlobalSection(SolutionProperties) = preSolution
		HideSolutionNode = FALSE
	EndGlobalSection
	GlobalSection(ExtensibilityGlobals) = postSolution
		SolutionGuid = {7F10B5E0-F18E-4D5B-B508-C867197A5678}
	EndGlobalSection
EndGlobal
